
Microsoft Visual Studio Solution File, Format Version 12.00
# Visual Studio Version 17
VisualStudioVersion = 17.7.34031.279
MinimumVisualStudioVersion = 10.0.40219.1
Project("{FAE04EC0-301F-11D3-BF4B-00C04F79EFBC}") = "3 проги", "3 проги.csproj", "{BC66E215-8BE1-48E8-A01E-FFBD36A66D81}"
EndProject
Global
	GlobalSection(SolutionConfigurationPlatforms) = preSolution
		Debug|Any CPU = Debug|Any CPU
		Release|Any CPU = Release|Any CPU
	EndGlobalSection
	GlobalSection(ProjectConfigurationPlatforms) = postSolution
		{BC66E215-8BE1-48E8-A01E-FFBD36A66D81}.Debug|Any CPU.ActiveCfg = Debug|Any CPU
		{BC66E215-8BE1-48E8-A01E-FFBD36A66D81}.Debug|Any CPU.Build.0 = Debug|Any CPU
		{BC66E215-8BE1-48E8-A01E-FFBD36A66D81}.Release|Any CPU.ActiveCfg = Release|Any CPU
		{BC66E215-8BE1-48E8-A01E-FFBD36A66D81}.Release|Any CPU.Build.0 = Release|Any CPU
	EndGlobalSection
	GlobalSection(SolutionProperties) = preSolution
		HideSolutionNode = FALSE
	EndGlobalSection
	GlobalSection(ExtensibilityGlobals) = postSolution
		SolutionGuid = {BC4F25DB-A7AD-4B05-AC2D-B1FFBBF6DB41}
	EndGlobalSection
EndGlobal
